
Microsoft Visual Studio Solution File, Format Version 12.00
Project("{FAE04EC0-301F-11D3-BF4B-00C04F79EFBC}") = "AuctionService", "AuctionService\AuctionService.csproj", "{59A8E17B-464E-48AC-AAE9-B56449DD2D9F}"
EndProject
Project("{FAE04EC0-301F-11D3-BF4B-00C04F79EFBC}") = "SearchService", "SearchService\SearchService.csproj", "{CD3AB5B3-09F0-4BF4-9B58-5F16F3CD51B0}"
EndProject
Project("{FAE04EC0-301F-11D3-BF4B-00C04F79EFBC}") = "Contracts", "Contracts\Contracts.csproj", "{EC5D6869-3691-4103-A74C-BB4CD864154F}"
EndProject
Project("{FAE04EC0-301F-11D3-BF4B-00C04F79EFBC}") = "IdentityService", "IdentityService\IdentityService.csproj", "{0346DB1A-65B4-4622-B362-0BB20B8A60EF}"
EndProject
Project("{FAE04EC0-301F-11D3-BF4B-00C04F79EFBC}") = "GatewayService", "GatewayService\GatewayService.csproj", "{9FA42C36-B930-4749-BEA8-35CD00EB2720}"
EndProject
Project("{FAE04EC0-301F-11D3-BF4B-00C04F79EFBC}") = "BidService", "BidService\BidService.csproj", "{FA2A19F8-123B-479F-8141-7CCC91EEEB45}"
EndProject
Global
	GlobalSection(SolutionConfigurationPlatforms) = preSolution
		Debug|Any CPU = Debug|Any CPU
		Release|Any CPU = Release|Any CPU
	EndGlobalSection
	GlobalSection(ProjectConfigurationPlatforms) = postSolution
		{59A8E17B-464E-48AC-AAE9-B56449DD2D9F}.Debug|Any CPU.ActiveCfg = Debug|Any CPU
		{59A8E17B-464E-48AC-AAE9-B56449DD2D9F}.Debug|Any CPU.Build.0 = Debug|Any CPU
		{59A8E17B-464E-48AC-AAE9-B56449DD2D9F}.Release|Any CPU.ActiveCfg = Release|Any CPU
		{59A8E17B-464E-48AC-AAE9-B56449DD2D9F}.Release|Any CPU.Build.0 = Release|Any CPU
		{CD3AB5B3-09F0-4BF4-9B58-5F16F3CD51B0}.Debug|Any CPU.ActiveCfg = Debug|Any CPU
		{CD3AB5B3-09F0-4BF4-9B58-5F16F3CD51B0}.Debug|Any CPU.Build.0 = Debug|Any CPU
		{CD3AB5B3-09F0-4BF4-9B58-5F16F3CD51B0}.Release|Any CPU.ActiveCfg = Release|Any CPU
		{CD3AB5B3-09F0-4BF4-9B58-5F16F3CD51B0}.Release|Any CPU.Build.0 = Release|Any CPU
		{EC5D6869-3691-4103-A74C-BB4CD864154F}.Debug|Any CPU.ActiveCfg = Debug|Any CPU
		{EC5D6869-3691-4103-A74C-BB4CD864154F}.Debug|Any CPU.Build.0 = Debug|Any CPU
		{EC5D6869-3691-4103-A74C-BB4CD864154F}.Release|Any CPU.ActiveCfg = Release|Any CPU
		{EC5D6869-3691-4103-A74C-BB4CD864154F}.Release|Any CPU.Build.0 = Release|Any CPU
		{0346DB1A-65B4-4622-B362-0BB20B8A60EF}.Debug|Any CPU.ActiveCfg = Debug|Any CPU
		{0346DB1A-65B4-4622-B362-0BB20B8A60EF}.Debug|Any CPU.Build.0 = Debug|Any CPU
		{0346DB1A-65B4-4622-B362-0BB20B8A60EF}.Release|Any CPU.ActiveCfg = Release|Any CPU
		{0346DB1A-65B4-4622-B362-0BB20B8A60EF}.Release|Any CPU.Build.0 = Release|Any CPU
		{9FA42C36-B930-4749-BEA8-35CD00EB2720}.Debug|Any CPU.ActiveCfg = Debug|Any CPU
		{9FA42C36-B930-4749-BEA8-35CD00EB2720}.Debug|Any CPU.Build.0 = Debug|Any CPU
		{9FA42C36-B930-4749-BEA8-35CD00EB2720}.Release|Any CPU.ActiveCfg = Release|Any CPU
		{9FA42C36-B930-4749-BEA8-35CD00EB2720}.Release|Any CPU.Build.0 = Release|Any CPU
		{FA2A19F8-123B-479F-8141-7CCC91EEEB45}.Debug|Any CPU.ActiveCfg = Debug|Any CPU
		{FA2A19F8-123B-479F-8141-7CCC91EEEB45}.Debug|Any CPU.Build.0 = Debug|Any CPU
		{FA2A19F8-123B-479F-8141-7CCC91EEEB45}.Release|Any CPU.ActiveCfg = Release|Any CPU
		{FA2A19F8-123B-479F-8141-7CCC91EEEB45}.Release|Any CPU.Build.0 = Release|Any CPU
	EndGlobalSection
EndGlobal
